<?xml version="1.0" encoding="utf-8"?>
<Project ToolsVersion="4.0" xmlns="http://schemas.microsoft.com/developer/msbuild/2003">
  <ItemGroup>
    <Filter Include="inc">
      <UniqueIdentifier>{64f71e9a-a6ff-476d-b03d-5e40f107815e}</UniqueIdentifier>
    </Filter>
    <Filter Include="src">
      <UniqueIdentifier>{31f08409-016e-452d-94f5-2be25193ab4f}</UniqueIdentifier>
    </Filter>
  </ItemGroup>
  <ItemGroup>
    <ClInclude Include="..\..\include\libBase\Base.h">
      <Filter>inc</Filter>
    </ClInclude>
    <ClInclude Include="..\..\include\libBase\logger.h">
      <Filter>inc</Filter>
    </ClInclude>
    <ClInclude Include="..\..\include\libBase\SimpleAllocator.h">
      <Filter>inc</Filter>
    </ClInclude>
    <ClInclude Include="..\..\include\libBase\TypeDefine.h">
      <Filter>inc</Filter>
    </ClInclude>
    <ClInclude Include="..\..\include\libBase\Vector2.h">
      <Filter>inc</Filter>
    </ClInclude>
    <ClInclude Include="..\..\include\libBase\Timer.h">
      <Filter>inc</Filter>
    </ClInclude>
  </ItemGroup>
  <ItemGroup>
    <ClCompile Include="stdafx.cpp">
      <Filter>src</Filter>
    </ClCompile>
    <ClCompile Include="src\Timer.cpp">
      <Filter>src</Filter>
    </ClCompile>
  </ItemGroup>
</Project>