<?xml version="1.0" encoding="utf-8"?>
<Project ToolsVersion="4.0" xmlns="http://schemas.microsoft.com/developer/msbuild/2003">
  <ItemGroup>
    <Filter Include="inc">
      <UniqueIdentifier>{d4d99ed3-1525-44eb-87ab-24dac4830bb9}</UniqueIdentifier>
    </Filter>
    <Filter Include="src">
      <UniqueIdentifier>{1d1f4c83-4c19-47e0-8cec-47c2169ed825}</UniqueIdentifier>
    </Filter>
    <Filter Include="inc\net">
      <UniqueIdentifier>{0cba01ac-e470-4121-bcef-26e1fecf67c5}</UniqueIdentifier>
    </Filter>
    <Filter Include="inc\db">
      <UniqueIdentifier>{b7ff17fe-4e52-4e23-b869-9e1b52437982}</UniqueIdentifier>
    </Filter>
  </ItemGroup>
  <ItemGroup>
    <ClInclude Include="..\..\include\libServer\BandwidthMgr.h">
      <Filter>inc</Filter>
    </ClInclude>
    <ClInclude Include="stdafx.h">
      <Filter>inc</Filter>
    </ClInclude>
    <ClInclude Include="targetver.h">
      <Filter>inc</Filter>
    </ClInclude>
    <ClInclude Include="..\..\include\libServer\ISubject.h">
      <Filter>inc\net</Filter>
    </ClInclude>
    <ClInclude Include="..\..\include\libServer\IObserver.h">
      <Filter>inc\net</Filter>
    </ClInclude>
    <ClInclude Include="..\..\include\libServer\IMsg.h">
      <Filter>inc\net</Filter>
    </ClInclude>
    <ClInclude Include="..\..\include\libServer\SystemTool.h">
      <Filter>inc</Filter>
    </ClInclude>
    <ClInclude Include="..\..\include\libServer\Profiling.h">
      <Filter>inc</Filter>
    </ClInclude>
  </ItemGroup>
  <ItemGroup>
    <ClCompile Include="src\BandwidthMgr.cpp">
      <Filter>src</Filter>
    </ClCompile>
    <ClCompile Include="stdafx.cpp">
      <Filter>src</Filter>
    </ClCompile>
    <ClCompile Include="src\SystemTool.cpp">
      <Filter>src</Filter>
    </ClCompile>
    <ClCompile Include="src\Profiling.cpp">
      <Filter>src</Filter>
    </ClCompile>
  </ItemGroup>
</Project>