<?xml version="1.0" encoding="utf-8"?>
<Project ToolsVersion="4.0" xmlns="http://schemas.microsoft.com/developer/msbuild/2003">
  <ItemGroup>
    <Filter Include="inc">
      <UniqueIdentifier>{d4d99ed3-1525-44eb-87ab-24dac4830bb9}</UniqueIdentifier>
    </Filter>
    <Filter Include="src">
      <UniqueIdentifier>{1d1f4c83-4c19-47e0-8cec-47c2169ed825}</UniqueIdentifier>
    </Filter>
    <Filter Include="inc\net">
      <UniqueIdentifier>{0cba01ac-e470-4121-bcef-26e1fecf67c5}</UniqueIdentifier>
    </Filter>
    <Filter Include="inc\db">
      <UniqueIdentifier>{b7ff17fe-4e52-4e23-b869-9e1b52437982}</UniqueIdentifier>
    </Filter>
    <Filter Include="src\net">
      <UniqueIdentifier>{d752eb0a-bedb-4bfb-93cd-3cd9df79004f}</UniqueIdentifier>
    </Filter>
    <Filter Include="src\db">
      <UniqueIdentifier>{6c06dd97-fd76-490b-9115-a38381904373}</UniqueIdentifier>
    </Filter>
  </ItemGroup>
  <ItemGroup>
    <ClInclude Include="..\..\include\libServer\BandwidthMgr.h">
      <Filter>inc</Filter>
    </ClInclude>
    <ClInclude Include="stdafx.h">
      <Filter>inc</Filter>
    </ClInclude>
    <ClInclude Include="targetver.h">
      <Filter>inc</Filter>
    </ClInclude>
    <ClInclude Include="..\..\include\libServer\ISubject.h">
      <Filter>inc\net</Filter>
    </ClInclude>
    <ClInclude Include="..\..\include\libServer\IObserver.h">
      <Filter>inc\net</Filter>
    </ClInclude>
    <ClInclude Include="..\..\include\libServer\IMsg.h">
      <Filter>inc\net</Filter>
    </ClInclude>
    <ClInclude Include="..\..\include\libServer\SystemTool.h">
      <Filter>inc</Filter>
    </ClInclude>
    <ClInclude Include="..\..\include\libServer\Profiling.h">
      <Filter>inc</Filter>
    </ClInclude>
    <ClInclude Include="..\..\include\libServer\Ticker.h">
      <Filter>inc</Filter>
    </ClInclude>
    <ClInclude Include="..\..\include\libServer\TickerMgr.h">
      <Filter>inc</Filter>
    </ClInclude>
    <ClInclude Include="..\..\include\libServer\ServerFramework.h">
      <Filter>inc</Filter>
    </ClInclude>
    <ClInclude Include="..\..\include\libServer\ServerData.h">
      <Filter>inc</Filter>
    </ClInclude>
    <ClInclude Include="..\..\include\libServer\ServerType.h">
      <Filter>inc</Filter>
    </ClInclude>
    <ClInclude Include="..\..\include\libServer\ServerNetEvent.h">
      <Filter>inc\net</Filter>
    </ClInclude>
    <ClInclude Include="..\..\include\libServer\NetEvent.h">
      <Filter>inc\net</Filter>
    </ClInclude>
    <ClInclude Include="..\..\include\libServer\MessageSubject.h">
      <Filter>inc\net</Filter>
    </ClInclude>
    <ClInclude Include="..\..\include\libServer\Subject.h">
      <Filter>inc\net</Filter>
    </ClInclude>
    <ClInclude Include="..\..\include\libServer\Observer.h">
      <Filter>inc\net</Filter>
    </ClInclude>
    <ClInclude Include="..\..\include\libServer\MessageService.h">
      <Filter>inc\net</Filter>
    </ClInclude>
    <ClInclude Include="..\..\include\libServer\MessageMapManager.h">
      <Filter>inc\net</Filter>
    </ClInclude>
    <ClInclude Include="..\..\include\libServer\MsgAdapter.h">
      <Filter>inc\net</Filter>
    </ClInclude>
    <ClInclude Include="..\..\include\libServer\MsgInterface.h">
      <Filter>inc\net</Filter>
    </ClInclude>
    <ClInclude Include="..\..\include\libServer\LogMacro.h">
      <Filter>inc</Filter>
    </ClInclude>
    <ClInclude Include="..\..\include\libServer\IServerConfig.h">
      <Filter>inc</Filter>
    </ClInclude>
    <ClInclude Include="..\..\include\libServer\ServerConfig.h">
      <Filter>inc</Filter>
    </ClInclude>
    <ClInclude Include="..\..\include\libServer\MessageSend.h">
      <Filter>inc\net</Filter>
    </ClInclude>
    <ClInclude Include="..\..\include\libServer\IMessageSend.h">
      <Filter>inc\net</Filter>
    </ClInclude>
    <ClInclude Include="..\..\include\libServer\ServerLink.h">
      <Filter>inc</Filter>
    </ClInclude>
    <ClInclude Include="..\..\include\libServer\CommandService.h">
      <Filter>inc</Filter>
    </ClInclude>
    <ClInclude Include="..\..\include\libServer\AsioNetManager.h">
      <Filter>inc\net</Filter>
    </ClInclude>
    <ClInclude Include="..\..\include\libServer\INetManager.h">
      <Filter>inc\net</Filter>
    </ClInclude>
    <ClInclude Include="..\..\include\libServer\NetPublicData.h">
      <Filter>inc\net</Filter>
    </ClInclude>
    <ClInclude Include="..\..\include\libServer\DataBaseMgr.h">
      <Filter>inc\db</Filter>
    </ClInclude>
    <ClInclude Include="..\..\include\libServer\IDBServiceNew.h">
      <Filter>inc\db</Filter>
    </ClInclude>
    <ClInclude Include="..\..\include\libServer\IDB.h">
      <Filter>inc\db</Filter>
    </ClInclude>
    <ClInclude Include="..\..\include\libServer\IDBService.h">
      <Filter>inc\db</Filter>
    </ClInclude>
    <ClInclude Include="..\..\include\libServer\DataBaseMgrNew.h">
      <Filter>inc\db</Filter>
    </ClInclude>
  </ItemGroup>
  <ItemGroup>
    <ClCompile Include="src\BandwidthMgr.cpp">
      <Filter>src</Filter>
    </ClCompile>
    <ClCompile Include="stdafx.cpp">
      <Filter>src</Filter>
    </ClCompile>
    <ClCompile Include="src\SystemTool.cpp">
      <Filter>src</Filter>
    </ClCompile>
    <ClCompile Include="src\Profiling.cpp">
      <Filter>src</Filter>
    </ClCompile>
    <ClCompile Include="src\TickerMgr.cpp">
      <Filter>src</Filter>
    </ClCompile>
    <ClCompile Include="src\ServerFramework.cpp">
      <Filter>src</Filter>
    </ClCompile>
    <ClCompile Include="src\ServerNetEvent.cpp">
      <Filter>src\net</Filter>
    </ClCompile>
    <ClCompile Include="src\Ticker.cpp">
      <Filter>src</Filter>
    </ClCompile>
  </ItemGroup>
</Project>